
Microsoft Visual Studio Solution File, Format Version 12.00
# Visual Studio Version 16
VisualStudioVersion = 16.0.28711.60
MinimumVisualStudioVersion = 10.0.40219.1
Project("{9A19103F-16F7-4668-BE54-9A1E7A4F7556}") = "FunctionApp2", "FunctionApp2.csproj", "{56550EA1-A4D2-45FE-AE6C-C1571CA3DB28}"
EndProject
Global
	GlobalSection(SolutionConfigurationPlatforms) = preSolution
		Debug|Any CPU = Debug|Any CPU
		Release|Any CPU = Release|Any CPU
	EndGlobalSection
	GlobalSection(ProjectConfigurationPlatforms) = postSolution
		{56550EA1-A4D2-45FE-AE6C-C1571CA3DB28}.Debug|Any CPU.ActiveCfg = Debug|Any CPU
		{56550EA1-A4D2-45FE-AE6C-C1571CA3DB28}.Debug|Any CPU.Build.0 = Debug|Any CPU
		{56550EA1-A4D2-45FE-AE6C-C1571CA3DB28}.Release|Any CPU.ActiveCfg = Release|Any CPU
		{56550EA1-A4D2-45FE-AE6C-C1571CA3DB28}.Release|Any CPU.Build.0 = Release|Any CPU
	EndGlobalSection
	GlobalSection(SolutionProperties) = preSolution
		HideSolutionNode = FALSE
	EndGlobalSection
	GlobalSection(ExtensibilityGlobals) = postSolution
		SolutionGuid = {D19BDAC9-BF9A-482A-B838-09A84D788377}
	EndGlobalSection
EndGlobal
