
Microsoft Visual Studio Solution File, Format Version 12.00
# Visual Studio Version 17
VisualStudioVersion = 17.9.34728.123
MinimumVisualStudioVersion = 10.0.40219.1
Project("{9A19103F-16F7-4668-BE54-9A1E7A4F7556}") = "HydroNotifier.FunctionApp", "HydroNotifier.FunctionApp\HydroNotifier.FunctionApp.csproj", "{006F05DB-4321-456B-8261-CF18B0654127}"
EndProject
Project("{9A19103F-16F7-4668-BE54-9A1E7A4F7556}") = "HydroNotifier.Tests", "HydroNotifier.Tests\HydroNotifier.Tests.csproj", "{7ACBEBBB-2B08-4B1A-9E40-F69F545D6069}"
EndProject
Project("{9A19103F-16F7-4668-BE54-9A1E7A4F7556}") = "HydroNotifier.ConsoleApp", "HydroNotifier.ConsoleApp\HydroNotifier.ConsoleApp.csproj", "{F88CF540-B9DE-46D4-9698-1AEA7164F822}"
EndProject
Project("{FAE04EC0-301F-11D3-BF4B-00C04F79EFBC}") = "HydroNotifier.Core", "HydroNotifier.Core\HydroNotifier.Core.csproj", "{350B7AB1-94B6-4173-BF81-46433AB9FD2E}"
EndProject
Global
	GlobalSection(SolutionConfigurationPlatforms) = preSolution
		Debug|Any CPU = Debug|Any CPU
		Release|Any CPU = Release|Any CPU
	EndGlobalSection
	GlobalSection(ProjectConfigurationPlatforms) = postSolution
		{006F05DB-4321-456B-8261-CF18B0654127}.Debug|Any CPU.ActiveCfg = Debug|Any CPU
		{006F05DB-4321-456B-8261-CF18B0654127}.Debug|Any CPU.Build.0 = Debug|Any CPU
		{006F05DB-4321-456B-8261-CF18B0654127}.Release|Any CPU.ActiveCfg = Release|Any CPU
		{006F05DB-4321-456B-8261-CF18B0654127}.Release|Any CPU.Build.0 = Release|Any CPU
		{7ACBEBBB-2B08-4B1A-9E40-F69F545D6069}.Debug|Any CPU.ActiveCfg = Debug|Any CPU
		{7ACBEBBB-2B08-4B1A-9E40-F69F545D6069}.Debug|Any CPU.Build.0 = Debug|Any CPU
		{7ACBEBBB-2B08-4B1A-9E40-F69F545D6069}.Release|Any CPU.ActiveCfg = Release|Any CPU
		{7ACBEBBB-2B08-4B1A-9E40-F69F545D6069}.Release|Any CPU.Build.0 = Release|Any CPU
		{F88CF540-B9DE-46D4-9698-1AEA7164F822}.Debug|Any CPU.ActiveCfg = Debug|Any CPU
		{F88CF540-B9DE-46D4-9698-1AEA7164F822}.Debug|Any CPU.Build.0 = Debug|Any CPU
		{F88CF540-B9DE-46D4-9698-1AEA7164F822}.Release|Any CPU.ActiveCfg = Release|Any CPU
		{F88CF540-B9DE-46D4-9698-1AEA7164F822}.Release|Any CPU.Build.0 = Release|Any CPU
		{350B7AB1-94B6-4173-BF81-46433AB9FD2E}.Debug|Any CPU.ActiveCfg = Debug|Any CPU
		{350B7AB1-94B6-4173-BF81-46433AB9FD2E}.Debug|Any CPU.Build.0 = Debug|Any CPU
		{350B7AB1-94B6-4173-BF81-46433AB9FD2E}.Release|Any CPU.ActiveCfg = Release|Any CPU
		{350B7AB1-94B6-4173-BF81-46433AB9FD2E}.Release|Any CPU.Build.0 = Release|Any CPU
	EndGlobalSection
	GlobalSection(SolutionProperties) = preSolution
		HideSolutionNode = FALSE
	EndGlobalSection
	GlobalSection(ExtensibilityGlobals) = postSolution
		SolutionGuid = {D19BDAC9-BF9A-482A-B838-09A84D788377}
	EndGlobalSection
EndGlobal
