
Microsoft Visual Studio Solution File, Format Version 12.00
# Visual Studio Version 16
VisualStudioVersion = 16.0.28711.60
MinimumVisualStudioVersion = 10.0.40219.1
Project("{FAE04EC0-301F-11D3-BF4B-00C04F79EFBC}") = "HydroNotifier.Core", "HydroNotifier.Core\HydroNotifier.Core.csproj", "{DCE99F1C-395B-46CE-B899-8971187E80A6}"
EndProject
Project("{FAE04EC0-301F-11D3-BF4B-00C04F79EFBC}") = "HydroNotifier.FunctionApp", "HydroNotifier.FunctionApp\HydroNotifier.FunctionApp.csproj", "{006F05DB-4321-456B-8261-CF18B0654127}"
EndProject
Project("{FAE04EC0-301F-11D3-BF4B-00C04F79EFBC}") = "HydroNotifier.Tests", "HydroNotifier.Tests\HydroNotifier.Tests.csproj", "{0503D482-DACD-40F9-80E7-2433BE5AAC9C}"
EndProject
Global
	GlobalSection(SolutionConfigurationPlatforms) = preSolution
		Debug|Any CPU = Debug|Any CPU
		Release|Any CPU = Release|Any CPU
	EndGlobalSection
	GlobalSection(ProjectConfigurationPlatforms) = postSolution
		{DCE99F1C-395B-46CE-B899-8971187E80A6}.Debug|Any CPU.ActiveCfg = Debug|Any CPU
		{DCE99F1C-395B-46CE-B899-8971187E80A6}.Debug|Any CPU.Build.0 = Debug|Any CPU
		{DCE99F1C-395B-46CE-B899-8971187E80A6}.Release|Any CPU.ActiveCfg = Release|Any CPU
		{DCE99F1C-395B-46CE-B899-8971187E80A6}.Release|Any CPU.Build.0 = Release|Any CPU
		{006F05DB-4321-456B-8261-CF18B0654127}.Debug|Any CPU.ActiveCfg = Debug|Any CPU
		{006F05DB-4321-456B-8261-CF18B0654127}.Debug|Any CPU.Build.0 = Debug|Any CPU
		{006F05DB-4321-456B-8261-CF18B0654127}.Release|Any CPU.ActiveCfg = Release|Any CPU
		{006F05DB-4321-456B-8261-CF18B0654127}.Release|Any CPU.Build.0 = Release|Any CPU
		{0503D482-DACD-40F9-80E7-2433BE5AAC9C}.Debug|Any CPU.ActiveCfg = Debug|Any CPU
		{0503D482-DACD-40F9-80E7-2433BE5AAC9C}.Debug|Any CPU.Build.0 = Debug|Any CPU
		{0503D482-DACD-40F9-80E7-2433BE5AAC9C}.Release|Any CPU.ActiveCfg = Release|Any CPU
		{0503D482-DACD-40F9-80E7-2433BE5AAC9C}.Release|Any CPU.Build.0 = Release|Any CPU
	EndGlobalSection
	GlobalSection(SolutionProperties) = preSolution
		HideSolutionNode = FALSE
	EndGlobalSection
	GlobalSection(ExtensibilityGlobals) = postSolution
		SolutionGuid = {D19BDAC9-BF9A-482A-B838-09A84D788377}
	EndGlobalSection
EndGlobal
